
Microsoft Visual Studio Solution File, Format Version 12.00
# Visual Studio Version 17
VisualStudioVersion = 17.8.34322.80
MinimumVisualStudioVersion = 10.0.40219.1
Project("{FAE04EC0-301F-11D3-BF4B-00C04F79EFBC}") = "CloudGames.Contracts", "CloudGames.Contracts\CloudGames.Contracts.csproj", "{517ACED1-ABB3-457B-8E69-302801777BB0}"
EndProject
Global
	GlobalSection(SolutionConfigurationPlatforms) = preSolution
		Debug|Any CPU = Debug|Any CPU
		Release|Any CPU = Release|Any CPU
	EndGlobalSection
	GlobalSection(ProjectConfigurationPlatforms) = postSolution
		{517ACED1-ABB3-457B-8E69-302801777BB0}.Debug|Any CPU.ActiveCfg = Debug|Any CPU
		{517ACED1-ABB3-457B-8E69-302801777BB0}.Debug|Any CPU.Build.0 = Debug|Any CPU
		{517ACED1-ABB3-457B-8E69-302801777BB0}.Release|Any CPU.ActiveCfg = Release|Any CPU
		{517ACED1-ABB3-457B-8E69-302801777BB0}.Release|Any CPU.Build.0 = Release|Any CPU
	EndGlobalSection
	GlobalSection(SolutionProperties) = preSolution
		HideSolutionNode = FALSE
	EndGlobalSection
	GlobalSection(ExtensibilityGlobals) = postSolution
		SolutionGuid = {5844EBFD-E9C1-4757-B953-4A6E23C911EB}
	EndGlobalSection
EndGlobal
